
Microsoft Visual Studio Solution File, Format Version 12.00
# Visual Studio Version 17
VisualStudioVersion = 17.6.33829.357
MinimumVisualStudioVersion = 10.0.40219.1
Project("{FAE04EC0-301F-11D3-BF4B-00C04F79EFBC}") = "ConsoleApp3", "ConsoleApp3\ConsoleApp3.csproj", "{B570EA74-EAFE-4C24-95D9-C12908A6C471}"
EndProject
Global
	GlobalSection(SolutionConfigurationPlatforms) = preSolution
		Debug|Any CPU = Debug|Any CPU
		Release|Any CPU = Release|Any CPU
	EndGlobalSection
	GlobalSection(ProjectConfigurationPlatforms) = postSolution
		{B570EA74-EAFE-4C24-95D9-C12908A6C471}.Debug|Any CPU.ActiveCfg = Debug|Any CPU
		{B570EA74-EAFE-4C24-95D9-C12908A6C471}.Debug|Any CPU.Build.0 = Debug|Any CPU
		{B570EA74-EAFE-4C24-95D9-C12908A6C471}.Release|Any CPU.ActiveCfg = Release|Any CPU
		{B570EA74-EAFE-4C24-95D9-C12908A6C471}.Release|Any CPU.Build.0 = Release|Any CPU
	EndGlobalSection
	GlobalSection(SolutionProperties) = preSolution
		HideSolutionNode = FALSE
	EndGlobalSection
	GlobalSection(ExtensibilityGlobals) = postSolution
		SolutionGuid = {631950B9-4827-4BEA-B783-6778B0E727DB}
	EndGlobalSection
EndGlobal
